// !$*UTF8*$!
{
	archiveVersion = 1;
	classes = {
	};
	objectVersion = 77;
	objects = {

/* Begin PBXBuildFile section */
		1E348E572DAFCCE4008C600B /* Config.xcconfig in Resources */ = {isa = PBXBuildFile; fileRef = 1E348E4E2DAFCCE4008C600B /* Config.xcconfig */; };
		1E348E582DAFCCE4008C600B /* GoogleService-Info.plist in Resources */ = {isa = PBXBuildFile; fileRef = 1E348E4F2DAFCCE4008C600B /* GoogleService-Info.plist */; };
		1EDAA4F12D530C8E00BDB9CA /* KakaoSDK in Frameworks */ = {isa = PBXBuildFile; productRef = 1EDAA4F02D530C8E00BDB9CA /* KakaoSDK */; };
		1EDAA4F82D53105800BDB9CA /* .gitignore in Resources */ = {isa = PBXBuildFile; fileRef = 1EDAA4F72D53105800BDB9CA /* .gitignore */; };
		1EDAE0652D5A59160035DDC6 /* FirebaseAnalytics in Frameworks */ = {isa = PBXBuildFile; productRef = 1EDAE0642D5A59160035DDC6 /* FirebaseAnalytics */; };
		1EDAE0672D5A59160035DDC6 /* FirebaseAnalyticsOnDeviceConversion in Frameworks */ = {isa = PBXBuildFile; productRef = 1EDAE0662D5A59160035DDC6 /* FirebaseAnalyticsOnDeviceConversion */; };
		1EDAE0692D5A59160035DDC6 /* FirebaseAnalyticsWithoutAdIdSupport in Frameworks */ = {isa = PBXBuildFile; productRef = 1EDAE0682D5A59160035DDC6 /* FirebaseAnalyticsWithoutAdIdSupport */; };
		1EDAE06B2D5A59160035DDC6 /* FirebaseAuth in Frameworks */ = {isa = PBXBuildFile; productRef = 1EDAE06A2D5A59160035DDC6 /* FirebaseAuth */; };
		1EDAE06D2D5A59160035DDC6 /* FirebaseAuthCombine-Community in Frameworks */ = {isa = PBXBuildFile; productRef = 1EDAE06C2D5A59160035DDC6 /* FirebaseAuthCombine-Community */; };
		1EDAE06F2D5A59160035DDC6 /* FirebaseCore in Frameworks */ = {isa = PBXBuildFile; productRef = 1EDAE06E2D5A59160035DDC6 /* FirebaseCore */; };
		1EDAE0712D5A59160035DDC6 /* FirebaseCrashlytics in Frameworks */ = {isa = PBXBuildFile; productRef = 1EDAE0702D5A59160035DDC6 /* FirebaseCrashlytics */; };
		1EDAE0732D5A59160035DDC6 /* FirebaseDatabase in Frameworks */ = {isa = PBXBuildFile; productRef = 1EDAE0722D5A59160035DDC6 /* FirebaseDatabase */; };
		1EDAE0752D5A59160035DDC6 /* FirebaseDynamicLinks in Frameworks */ = {isa = PBXBuildFile; productRef = 1EDAE0742D5A59160035DDC6 /* FirebaseDynamicLinks */; };
		1EDAE0772D5A59160035DDC6 /* FirebaseFirestore in Frameworks */ = {isa = PBXBuildFile; productRef = 1EDAE0762D5A59160035DDC6 /* FirebaseFirestore */; };
		1EDAE0792D5A59160035DDC6 /* FirebaseFirestoreCombine-Community in Frameworks */ = {isa = PBXBuildFile; productRef = 1EDAE0782D5A59160035DDC6 /* FirebaseFirestoreCombine-Community */; };
		1EDAE07B2D5A59160035DDC6 /* FirebaseStorage in Frameworks */ = {isa = PBXBuildFile; productRef = 1EDAE07A2D5A59160035DDC6 /* FirebaseStorage */; };
		1EDAE07D2D5A59160035DDC6 /* FirebaseStorageCombine-Community in Frameworks */ = {isa = PBXBuildFile; productRef = 1EDAE07C2D5A59160035DDC6 /* FirebaseStorageCombine-Community */; };
/* End PBXBuildFile section */

/* Begin PBXFileReference section */
		1E348E4E2DAFCCE4008C600B /* Config.xcconfig */ = {isa = PBXFileReference; lastKnownFileType = text.xcconfig; path = Config.xcconfig; sourceTree = "<group>"; };
		1E348E4F2DAFCCE4008C600B /* GoogleService-Info.plist */ = {isa = PBXFileReference; lastKnownFileType = text.plist.xml; path = "GoogleService-Info.plist"; sourceTree = "<group>"; };
		1E6A13F32D4D2B6200A8DB28 /* simpleBible.app */ = {isa = PBXFileReference; explicitFileType = wrapper.application; includeInIndex = 0; path = simpleBible.app; sourceTree = BUILT_PRODUCTS_DIR; };
		1EDAA4F72D53105800BDB9CA /* .gitignore */ = {isa = PBXFileReference; lastKnownFileType = text; path = .gitignore; sourceTree = "<group>"; };
/* End PBXFileReference section */

/* Begin PBXFileSystemSynchronizedBuildFileExceptionSet section */
		1EDAA4EE2D530BE200BDB9CA /* Exceptions for "simpleBible" folder in "simpleBible" target */ = {
			isa = PBXFileSystemSynchronizedBuildFileExceptionSet;
			membershipExceptions = (
				Info.plist,
			);
			target = 1E6A13F22D4D2B6200A8DB28 /* simpleBible */;
		};
/* End PBXFileSystemSynchronizedBuildFileExceptionSet section */

/* Begin PBXFileSystemSynchronizedRootGroup section */
		1E6A13F52D4D2B6200A8DB28 /* simpleBible */ = {
			isa = PBXFileSystemSynchronizedRootGroup;
			exceptions = (
				1EDAA4EE2D530BE200BDB9CA /* Exceptions for "simpleBible" folder in "simpleBible" target */,
			);
			path = simpleBible;
			sourceTree = "<group>";
		};
/* End PBXFileSystemSynchronizedRootGroup section */

/* Begin PBXFrameworksBuildPhase section */
		1E6A13F02D4D2B6200A8DB28 /* Frameworks */ = {
			isa = PBXFrameworksBuildPhase;
			buildActionMask = 2147483647;
			files = (
				1EDAE0652D5A59160035DDC6 /* FirebaseAnalytics in Frameworks */,
				1EDAE06D2D5A59160035DDC6 /* FirebaseAuthCombine-Community in Frameworks */,
				1EDAE06B2D5A59160035DDC6 /* FirebaseAuth in Frameworks */,
				1EDAE0672D5A59160035DDC6 /* FirebaseAnalyticsOnDeviceConversion in Frameworks */,
				1EDAE06F2D5A59160035DDC6 /* FirebaseCore in Frameworks */,
				1EDAE0712D5A59160035DDC6 /* FirebaseCrashlytics in Frameworks */,
				1EDAE0732D5A59160035DDC6 /* FirebaseDatabase in Frameworks */,
				1EDAA4F12D530C8E00BDB9CA /* KakaoSDK in Frameworks */,
				1EDAE07D2D5A59160035DDC6 /* FirebaseStorageCombine-Community in Frameworks */,
				1EDAE07B2D5A59160035DDC6 /* FirebaseStorage in Frameworks */,
				1EDAE0692D5A59160035DDC6 /* FirebaseAnalyticsWithoutAdIdSupport in Frameworks */,
				1EDAE0792D5A59160035DDC6 /* FirebaseFirestoreCombine-Community in Frameworks */,
				1EDAE0772D5A59160035DDC6 /* FirebaseFirestore in Frameworks */,
				1EDAE0752D5A59160035DDC6 /* FirebaseDynamicLinks in Frameworks */,
			);
			runOnlyForDeploymentPostprocessing = 0;
		};
/* End PBXFrameworksBuildPhase section */

/* Begin PBXGroup section */
		1E6A13EA2D4D2B6200A8DB28 = {
			isa = PBXGroup;
			children = (
				1EDAA4F72D53105800BDB9CA /* .gitignore */,
				1E6A13F52D4D2B6200A8DB28 /* simpleBible */,
				1E6A13F42D4D2B6200A8DB28 /* Products */,
				1E348E4E2DAFCCE4008C600B /* Config.xcconfig */,
				1E348E4F2DAFCCE4008C600B /* GoogleService-Info.plist */,
			);
			sourceTree = "<group>";
		};
		1E6A13F42D4D2B6200A8DB28 /* Products */ = {
			isa = PBXGroup;
			children = (
				1E6A13F32D4D2B6200A8DB28 /* simpleBible.app */,
			);
			name = Products;
			sourceTree = "<group>";
		};
/* End PBXGroup section */

/* Begin PBXNativeTarget section */
		1E6A13F22D4D2B6200A8DB28 /* simpleBible */ = {
			isa = PBXNativeTarget;
			buildConfigurationList = 1E6A14012D4D2B6300A8DB28 /* Build configuration list for PBXNativeTarget "simpleBible" */;
			buildPhases = (
				1E6A13EF2D4D2B6200A8DB28 /* Sources */,
				1E6A13F02D4D2B6200A8DB28 /* Frameworks */,
				1E6A13F12D4D2B6200A8DB28 /* Resources */,
			);
			buildRules = (
			);
			dependencies = (
			);
			fileSystemSynchronizedGroups = (
				1E6A13F52D4D2B6200A8DB28 /* simpleBible */,
			);
			name = simpleBible;
			packageProductDependencies = (
				1EDAA4F02D530C8E00BDB9CA /* KakaoSDK */,
				1EDAE0642D5A59160035DDC6 /* FirebaseAnalytics */,
				1EDAE0662D5A59160035DDC6 /* FirebaseAnalyticsOnDeviceConversion */,
				1EDAE0682D5A59160035DDC6 /* FirebaseAnalyticsWithoutAdIdSupport */,
				1EDAE06A2D5A59160035DDC6 /* FirebaseAuth */,
				1EDAE06C2D5A59160035DDC6 /* FirebaseAuthCombine-Community */,
				1EDAE06E2D5A59160035DDC6 /* FirebaseCore */,
				1EDAE0702D5A59160035DDC6 /* FirebaseCrashlytics */,
				1EDAE0722D5A59160035DDC6 /* FirebaseDatabase */,
				1EDAE0742D5A59160035DDC6 /* FirebaseDynamicLinks */,
				1EDAE0762D5A59160035DDC6 /* FirebaseFirestore */,
				1EDAE0782D5A59160035DDC6 /* FirebaseFirestoreCombine-Community */,
				1EDAE07A2D5A59160035DDC6 /* FirebaseStorage */,
				1EDAE07C2D5A59160035DDC6 /* FirebaseStorageCombine-Community */,
			);
			productName = simpleBible;
			productReference = 1E6A13F32D4D2B6200A8DB28 /* simpleBible.app */;
			productType = "com.apple.product-type.application";
		};
/* End PBXNativeTarget section */

/* Begin PBXProject section */
		1E6A13EB2D4D2B6200A8DB28 /* Project object */ = {
			isa = PBXProject;
			attributes = {
				BuildIndependentTargetsInParallel = 1;
				LastSwiftUpdateCheck = 1620;
				LastUpgradeCheck = 1620;
				TargetAttributes = {
					1E6A13F22D4D2B6200A8DB28 = {
						CreatedOnToolsVersion = 16.2;
					};
				};
			};
			buildConfigurationList = 1E6A13EE2D4D2B6200A8DB28 /* Build configuration list for PBXProject "simpleBible" */;
			developmentRegion = en;
			hasScannedForEncodings = 0;
			knownRegions = (
				en,
				Base,
			);
			mainGroup = 1E6A13EA2D4D2B6200A8DB28;
			minimizedProjectReferenceProxies = 1;
			packageReferences = (
				1EDAA4EF2D530C8E00BDB9CA /* XCRemoteSwiftPackageReference "kakao-ios-sdk" */,
				1EDAE0632D5A59160035DDC6 /* XCRemoteSwiftPackageReference "firebase-ios-sdk" */,
			);
			preferredProjectObjectVersion = 77;
			productRefGroup = 1E6A13F42D4D2B6200A8DB28 /* Products */;
			projectDirPath = "";
			projectRoot = "";
			targets = (
				1E6A13F22D4D2B6200A8DB28 /* simpleBible */,
			);
		};
/* End PBXProject section */

/* Begin PBXResourcesBuildPhase section */
		1E6A13F12D4D2B6200A8DB28 /* Resources */ = {
			isa = PBXResourcesBuildPhase;
			buildActionMask = 2147483647;
			files = (
				1E348E572DAFCCE4008C600B /* Config.xcconfig in Resources */,
				1E348E582DAFCCE4008C600B /* GoogleService-Info.plist in Resources */,
				1EDAA4F82D53105800BDB9CA /* .gitignore in Resources */,
			);
			runOnlyForDeploymentPostprocessing = 0;
		};
/* End PBXResourcesBuildPhase section */

/* Begin PBXSourcesBuildPhase section */
		1E6A13EF2D4D2B6200A8DB28 /* Sources */ = {
			isa = PBXSourcesBuildPhase;
			buildActionMask = 2147483647;
			files = (
			);
			runOnlyForDeploymentPostprocessing = 0;
		};
/* End PBXSourcesBuildPhase section */

/* Begin XCBuildConfiguration section */
		1E6A13FF2D4D2B6300A8DB28 /* Debug */ = {
			isa = XCBuildConfiguration;
			baseConfigurationReference = 1E348E4E2DAFCCE4008C600B /* Config.xcconfig */;
			buildSettings = {
				ALWAYS_SEARCH_USER_PATHS = NO;
				ASSETCATALOG_COMPILER_GENERATE_SWIFT_ASSET_SYMBOL_EXTENSIONS = YES;
				CLANG_ANALYZER_NONNULL = YES;
				CLANG_ANALYZER_NUMBER_OBJECT_CONVERSION = YES_AGGRESSIVE;
				CLANG_CXX_LANGUAGE_STANDARD = "gnu++20";
				CLANG_ENABLE_MODULES = YES;
				CLANG_ENABLE_OBJC_ARC = YES;
				CLANG_ENABLE_OBJC_WEAK = YES;
				CLANG_WARN_BLOCK_CAPTURE_AUTORELEASING = YES;
				CLANG_WARN_BOOL_CONVERSION = YES;
				CLANG_WARN_COMMA = YES;
				CLANG_WARN_CONSTANT_CONVERSION = YES;
				CLANG_WARN_DEPRECATED_OBJC_IMPLEMENTATIONS = YES;
				CLANG_WARN_DIRECT_OBJC_ISA_USAGE = YES_ERROR;
				CLANG_WARN_DOCUMENTATION_COMMENTS = YES;
				CLANG_WARN_EMPTY_BODY = YES;
				CLANG_WARN_ENUM_CONVERSION = YES;
				CLANG_WARN_INFINITE_RECURSION = YES;
				CLANG_WARN_INT_CONVERSION = YES;
				CLANG_WARN_NON_LITERAL_NULL_CONVERSION = YES;
				CLANG_WARN_OBJC_IMPLICIT_RETAIN_SELF = YES;
				CLANG_WARN_OBJC_LITERAL_CONVERSION = YES;
				CLANG_WARN_OBJC_ROOT_CLASS = YES_ERROR;
				CLANG_WARN_QUOTED_INCLUDE_IN_FRAMEWORK_HEADER = YES;
				CLANG_WARN_RANGE_LOOP_ANALYSIS = YES;
				CLANG_WARN_STRICT_PROTOTYPES = YES;
				CLANG_WARN_SUSPICIOUS_MOVE = YES;
				CLANG_WARN_UNGUARDED_AVAILABILITY = YES_AGGRESSIVE;
				CLANG_WARN_UNREACHABLE_CODE = YES;
				CLANG_WARN__DUPLICATE_METHOD_MATCH = YES;
				COPY_PHASE_STRIP = NO;
				DEBUG_INFORMATION_FORMAT = dwarf;
				ENABLE_STRICT_OBJC_MSGSEND = YES;
				ENABLE_TESTABILITY = YES;
				ENABLE_USER_SCRIPT_SANDBOXING = YES;
				GCC_C_LANGUAGE_STANDARD = gnu17;
				GCC_DYNAMIC_NO_PIC = NO;
				GCC_NO_COMMON_BLOCKS = YES;
				GCC_OPTIMIZATION_LEVEL = 0;
				GCC_PREPROCESSOR_DEFINITIONS = (
					"DEBUG=1",
					"$(inherited)",
				);
				GCC_WARN_64_TO_32_BIT_CONVERSION = YES;
				GCC_WARN_ABOUT_RETURN_TYPE = YES_ERROR;
				GCC_WARN_UNDECLARED_SELECTOR = YES;
				GCC_WARN_UNINITIALIZED_AUTOS = YES_AGGRESSIVE;
				GCC_WARN_UNUSED_FUNCTION = YES;
				GCC_WARN_UNUSED_VARIABLE = YES;
				IPHONEOS_DEPLOYMENT_TARGET = 18.2;
				LOCALIZATION_PREFERS_STRING_CATALOGS = YES;
				MTL_ENABLE_DEBUG_INFO = INCLUDE_SOURCE;
				MTL_FAST_MATH = YES;
				ONLY_ACTIVE_ARCH = YES;
				SDKROOT = iphoneos;
				SWIFT_ACTIVE_COMPILATION_CONDITIONS = "DEBUG $(inherited)";
				SWIFT_OPTIMIZATION_LEVEL = "-Onone";
			};
			name = Debug;
		};
		1E6A14002D4D2B6300A8DB28 /* Release */ = {
			isa = XCBuildConfiguration;
			baseConfigurationReference = 1E348E4E2DAFCCE4008C600B /* Config.xcconfig */;
			buildSettings = {
				ALWAYS_SEARCH_USER_PATHS = NO;
				ASSETCATALOG_COMPILER_GENERATE_SWIFT_ASSET_SYMBOL_EXTENSIONS = YES;
				CLANG_ANALYZER_NONNULL = YES;
				CLANG_ANALYZER_NUMBER_OBJECT_CONVERSION = YES_AGGRESSIVE;
				CLANG_CXX_LANGUAGE_STANDARD = "gnu++20";
				CLANG_ENABLE_MODULES = YES;
				CLANG_ENABLE_OBJC_ARC = YES;
				CLANG_ENABLE_OBJC_WEAK = YES;
				CLANG_WARN_BLOCK_CAPTURE_AUTORELEASING = YES;
				CLANG_WARN_BOOL_CONVERSION = YES;
				CLANG_WARN_COMMA = YES;
				CLANG_WARN_CONSTANT_CONVERSION = YES;
				CLANG_WARN_DEPRECATED_OBJC_IMPLEMENTATIONS = YES;
				CLANG_WARN_DIRECT_OBJC_ISA_USAGE = YES_ERROR;
				CLANG_WARN_DOCUMENTATION_COMMENTS = YES;
				CLANG_WARN_EMPTY_BODY = YES;
				CLANG_WARN_ENUM_CONVERSION = YES;
				CLANG_WARN_INFINITE_RECURSION = YES;
				CLANG_WARN_INT_CONVERSION = YES;
				CLANG_WARN_NON_LITERAL_NULL_CONVERSION = YES;
				CLANG_WARN_OBJC_IMPLICIT_RETAIN_SELF = YES;
				CLANG_WARN_OBJC_LITERAL_CONVERSION = YES;
				CLANG_WARN_OBJC_ROOT_CLASS = YES_ERROR;
				CLANG_WARN_QUOTED_INCLUDE_IN_FRAMEWORK_HEADER = YES;
				CLANG_WARN_RANGE_LOOP_ANALYSIS = YES;
				CLANG_WARN_STRICT_PROTOTYPES = YES;
				CLANG_WARN_SUSPICIOUS_MOVE = YES;
				CLANG_WARN_UNGUARDED_AVAILABILITY = YES_AGGRESSIVE;
				CLANG_WARN_UNREACHABLE_CODE = YES;
				CLANG_WARN__DUPLICATE_METHOD_MATCH = YES;
				COPY_PHASE_STRIP = NO;
				DEBUG_INFORMATION_FORMAT = "dwarf-with-dsym";
				ENABLE_NS_ASSERTIONS = NO;
				ENABLE_STRICT_OBJC_MSGSEND = YES;
				ENABLE_USER_SCRIPT_SANDBOXING = YES;
				GCC_C_LANGUAGE_STANDARD = gnu17;
				GCC_NO_COMMON_BLOCKS = YES;
				GCC_WARN_64_TO_32_BIT_CONVERSION = YES;
				GCC_WARN_ABOUT_RETURN_TYPE = YES_ERROR;
				GCC_WARN_UNDECLARED_SELECTOR = YES;
				GCC_WARN_UNINITIALIZED_AUTOS = YES_AGGRESSIVE;
				GCC_WARN_UNUSED_FUNCTION = YES;
				GCC_WARN_UNUSED_VARIABLE = YES;
				IPHONEOS_DEPLOYMENT_TARGET = 18.2;
				LOCALIZATION_PREFERS_STRING_CATALOGS = YES;
				MTL_ENABLE_DEBUG_INFO = NO;
				MTL_FAST_MATH = YES;
				SDKROOT = iphoneos;
				SWIFT_COMPILATION_MODE = wholemodule;
				VALIDATE_PRODUCT = YES;
			};
			name = Release;
		};
		1E6A14022D4D2B6300A8DB28 /* Debug */ = {
			isa = XCBuildConfiguration;
			baseConfigurationReference = 1E348E4E2DAFCCE4008C600B /* Config.xcconfig */;
			buildSettings = {
				ASSETCATALOG_COMPILER_APPICON_NAME = AppIcon;
				ASSETCATALOG_COMPILER_GLOBAL_ACCENT_COLOR_NAME = AccentColor;
				CODE_SIGN_STYLE = Automatic;
				CURRENT_PROJECT_VERSION = 1;
				DEVELOPMENT_ASSET_PATHS = "\"simpleBible/Preview Content\"";
				DEVELOPMENT_TEAM = NJ2A8FBVJ6;
				ENABLE_PREVIEWS = YES;
				GENERATE_INFOPLIST_FILE = YES;
				INFOPLIST_FILE = simpleBible/Info.plist;
				INFOPLIST_KEY_CFBundleDisplayName = "큐티한 나";
				INFOPLIST_KEY_UIApplicationSceneManifest_Generation = YES;
				INFOPLIST_KEY_UIApplicationSupportsIndirectInputEvents = YES;
				INFOPLIST_KEY_UILaunchScreen_Generation = YES;
				INFOPLIST_KEY_UISupportedInterfaceOrientations = UIInterfaceOrientationPortrait;
				INFOPLIST_KEY_UISupportedInterfaceOrientations_iPad = "UIInterfaceOrientationLandscapeLeft UIInterfaceOrientationLandscapeRight UIInterfaceOrientationPortrait UIInterfaceOrientationPortraitUpsideDown";
				IPHONEOS_DEPLOYMENT_TARGET = 18.2;
				LD_RUNPATH_SEARCH_PATHS = (
					"$(inherited)",
					"@executable_path/Frameworks",
				);
				MARKETING_VERSION = 0.1;
				PRODUCT_BUNDLE_IDENTIFIER = shkim.simpleBible;
				PRODUCT_NAME = "$(TARGET_NAME)";
				SUPPORTED_PLATFORMS = "iphoneos iphonesimulator";
				SUPPORTS_MACCATALYST = NO;
				SUPPORTS_MAC_DESIGNED_FOR_IPHONE_IPAD = NO;
				SUPPORTS_XR_DESIGNED_FOR_IPHONE_IPAD = NO;
				SWIFT_EMIT_LOC_STRINGS = YES;
				SWIFT_VERSION = 5.0;
				TARGETED_DEVICE_FAMILY = 1;
			};
			name = Debug;
		};
		1E6A14032D4D2B6300A8DB28 /* Release */ = {
			isa = XCBuildConfiguration;
			baseConfigurationReference = 1E348E4E2DAFCCE4008C600B /* Config.xcconfig */;
			buildSettings = {
				ASSETCATALOG_COMPILER_APPICON_NAME = AppIcon;
				ASSETCATALOG_COMPILER_GLOBAL_ACCENT_COLOR_NAME = AccentColor;
				CODE_SIGN_STYLE = Automatic;
				CURRENT_PROJECT_VERSION = 1;
				DEVELOPMENT_ASSET_PATHS = "\"simpleBible/Preview Content\"";
				DEVELOPMENT_TEAM = NJ2A8FBVJ6;
				ENABLE_PREVIEWS = YES;
				GENERATE_INFOPLIST_FILE = YES;
				INFOPLIST_FILE = simpleBible/Info.plist;
				INFOPLIST_KEY_CFBundleDisplayName = "큐티한 나";
				INFOPLIST_KEY_UIApplicationSceneManifest_Generation = YES;
				INFOPLIST_KEY_UIApplicationSupportsIndirectInputEvents = YES;
				INFOPLIST_KEY_UILaunchScreen_Generation = YES;
				INFOPLIST_KEY_UISupportedInterfaceOrientations = UIInterfaceOrientationPortrait;
				INFOPLIST_KEY_UISupportedInterfaceOrientations_iPad = "UIInterfaceOrientationLandscapeLeft UIInterfaceOrientationLandscapeRight UIInterfaceOrientationPortrait UIInterfaceOrientationPortraitUpsideDown";
				IPHONEOS_DEPLOYMENT_TARGET = 18.2;
				LD_RUNPATH_SEARCH_PATHS = (
					"$(inherited)",
					"@executable_path/Frameworks",
				);
				MARKETING_VERSION = 0.1;
				PRODUCT_BUNDLE_IDENTIFIER = shkim.simpleBible;
				PRODUCT_NAME = "$(TARGET_NAME)";
				SUPPORTED_PLATFORMS = "iphoneos iphonesimulator";
				SUPPORTS_MACCATALYST = NO;
				SUPPORTS_MAC_DESIGNED_FOR_IPHONE_IPAD = NO;
				SUPPORTS_XR_DESIGNED_FOR_IPHONE_IPAD = NO;
				SWIFT_EMIT_LOC_STRINGS = YES;
				SWIFT_VERSION = 5.0;
				TARGETED_DEVICE_FAMILY = 1;
			};
			name = Release;
		};
/* End XCBuildConfiguration section */

/* Begin XCConfigurationList section */
		1E6A13EE2D4D2B6200A8DB28 /* Build configuration list for PBXProject "simpleBible" */ = {
			isa = XCConfigurationList;
			buildConfigurations = (
				1E6A13FF2D4D2B6300A8DB28 /* Debug */,
				1E6A14002D4D2B6300A8DB28 /* Release */,
			);
			defaultConfigurationIsVisible = 0;
			defaultConfigurationName = Debug;
		};
		1E6A14012D4D2B6300A8DB28 /* Build configuration list for PBXNativeTarget "simpleBible" */ = {
			isa = XCConfigurationList;
			buildConfigurations = (
				1E6A14022D4D2B6300A8DB28 /* Debug */,
				1E6A14032D4D2B6300A8DB28 /* Release */,
			);
			defaultConfigurationIsVisible = 0;
			defaultConfigurationName = Debug;
		};
/* End XCConfigurationList section */

/* Begin XCRemoteSwiftPackageReference section */
		1EDAA4EF2D530C8E00BDB9CA /* XCRemoteSwiftPackageReference "kakao-ios-sdk" */ = {
			isa = XCRemoteSwiftPackageReference;
			repositoryURL = "https://github.com/kakao/kakao-ios-sdk";
			requirement = {
				branch = master;
				kind = branch;
			};
		};
		1EDAE0632D5A59160035DDC6 /* XCRemoteSwiftPackageReference "firebase-ios-sdk" */ = {
			isa = XCRemoteSwiftPackageReference;
			repositoryURL = "https://github.com/firebase/firebase-ios-sdk";
			requirement = {
				kind = upToNextMajorVersion;
				minimumVersion = 11.8.1;
			};
		};
/* End XCRemoteSwiftPackageReference section */

/* Begin XCSwiftPackageProductDependency section */
		1EDAA4F02D530C8E00BDB9CA /* KakaoSDK */ = {
			isa = XCSwiftPackageProductDependency;
			package = 1EDAA4EF2D530C8E00BDB9CA /* XCRemoteSwiftPackageReference "kakao-ios-sdk" */;
			productName = KakaoSDK;
		};
		1EDAE0642D5A59160035DDC6 /* FirebaseAnalytics */ = {
			isa = XCSwiftPackageProductDependency;
			package = 1EDAE0632D5A59160035DDC6 /* XCRemoteSwiftPackageReference "firebase-ios-sdk" */;
			productName = FirebaseAnalytics;
		};
		1EDAE0662D5A59160035DDC6 /* FirebaseAnalyticsOnDeviceConversion */ = {
			isa = XCSwiftPackageProductDependency;
			package = 1EDAE0632D5A59160035DDC6 /* XCRemoteSwiftPackageReference "firebase-ios-sdk" */;
			productName = FirebaseAnalyticsOnDeviceConversion;
		};
		1EDAE0682D5A59160035DDC6 /* FirebaseAnalyticsWithoutAdIdSupport */ = {
			isa = XCSwiftPackageProductDependency;
			package = 1EDAE0632D5A59160035DDC6 /* XCRemoteSwiftPackageReference "firebase-ios-sdk" */;
			productName = FirebaseAnalyticsWithoutAdIdSupport;
		};
		1EDAE06A2D5A59160035DDC6 /* FirebaseAuth */ = {
			isa = XCSwiftPackageProductDependency;
			package = 1EDAE0632D5A59160035DDC6 /* XCRemoteSwiftPackageReference "firebase-ios-sdk" */;
			productName = FirebaseAuth;
		};
		1EDAE06C2D5A59160035DDC6 /* FirebaseAuthCombine-Community */ = {
			isa = XCSwiftPackageProductDependency;
			package = 1EDAE0632D5A59160035DDC6 /* XCRemoteSwiftPackageReference "firebase-ios-sdk" */;
			productName = "FirebaseAuthCombine-Community";
		};
		1EDAE06E2D5A59160035DDC6 /* FirebaseCore */ = {
			isa = XCSwiftPackageProductDependency;
			package = 1EDAE0632D5A59160035DDC6 /* XCRemoteSwiftPackageReference "firebase-ios-sdk" */;
			productName = FirebaseCore;
		};
		1EDAE0702D5A59160035DDC6 /* FirebaseCrashlytics */ = {
			isa = XCSwiftPackageProductDependency;
			package = 1EDAE0632D5A59160035DDC6 /* XCRemoteSwiftPackageReference "firebase-ios-sdk" */;
			productName = FirebaseCrashlytics;
		};
		1EDAE0722D5A59160035DDC6 /* FirebaseDatabase */ = {
			isa = XCSwiftPackageProductDependency;
			package = 1EDAE0632D5A59160035DDC6 /* XCRemoteSwiftPackageReference "firebase-ios-sdk" */;
			productName = FirebaseDatabase;
		};
		1EDAE0742D5A59160035DDC6 /* FirebaseDynamicLinks */ = {
			isa = XCSwiftPackageProductDependency;
			package = 1EDAE0632D5A59160035DDC6 /* XCRemoteSwiftPackageReference "firebase-ios-sdk" */;
			productName = FirebaseDynamicLinks;
		};
		1EDAE0762D5A59160035DDC6 /* FirebaseFirestore */ = {
			isa = XCSwiftPackageProductDependency;
			package = 1EDAE0632D5A59160035DDC6 /* XCRemoteSwiftPackageReference "firebase-ios-sdk" */;
			productName = FirebaseFirestore;
		};
		1EDAE0782D5A59160035DDC6 /* FirebaseFirestoreCombine-Community */ = {
			isa = XCSwiftPackageProductDependency;
			package = 1EDAE0632D5A59160035DDC6 /* XCRemoteSwiftPackageReference "firebase-ios-sdk" */;
			productName = "FirebaseFirestoreCombine-Community";
		};
		1EDAE07A2D5A59160035DDC6 /* FirebaseStorage */ = {
			isa = XCSwiftPackageProductDependency;
			package = 1EDAE0632D5A59160035DDC6 /* XCRemoteSwiftPackageReference "firebase-ios-sdk" */;
			productName = FirebaseStorage;
		};
		1EDAE07C2D5A59160035DDC6 /* FirebaseStorageCombine-Community */ = {
			isa = XCSwiftPackageProductDependency;
			package = 1EDAE0632D5A59160035DDC6 /* XCRemoteSwiftPackageReference "firebase-ios-sdk" */;
			productName = "FirebaseStorageCombine-Community";
		};
/* End XCSwiftPackageProductDependency section */
	};
	rootObject = 1E6A13EB2D4D2B6200A8DB28 /* Project object */;
}
